// !$*UTF8*$!
{
	archiveVersion = 1;
	classes = {
	};
	objectVersion = 46;
	objects = {

/* Begin PBXBuildFile section */
		4B69791B1DDB295400D87E1B /* main.m in Sources */ = {isa = PBXBuildFile; fileRef = 4B69791A1DDB295400D87E1B /* main.m */; };
		4B69791E1DDB295500D87E1B /* AppDelegate.m in Sources */ = {isa = PBXBuildFile; fileRef = 4B69791D1DDB295500D87E1B /* AppDelegate.m */; };
		4B6979211DDB295500D87E1B /* ViewController.m in Sources */ = {isa = PBXBuildFile; fileRef = 4B6979201DDB295500D87E1B /* ViewController.m */; };
		4B6979241DDB295500D87E1B /* Main.storyboard in Resources */ = {isa = PBXBuildFile; fileRef = 4B6979221DDB295500D87E1B /* Main.storyboard */; };
		4B6979261DDB295500D87E1B /* Assets.xcassets in Resources */ = {isa = PBXBuildFile; fileRef = 4B6979251DDB295500D87E1B /* Assets.xcassets */; };
		4B6979291DDB295500D87E1B /* LaunchScreen.storyboard in Resources */ = {isa = PBXBuildFile; fileRef = 4B6979271DDB295500D87E1B /* LaunchScreen.storyboard */; };
		4B6979341DDB295500D87E1B /* StopWatchTests.m in Sources */ = {isa = PBXBuildFile; fileRef = 4B6979331DDB295500D87E1B /* StopWatchTests.m */; };
		4B69793F1DDB295500D87E1B /* StopWatchUITests.m in Sources */ = {isa = PBXBuildFile; fileRef = 4B69793E1DDB295500D87E1B /* StopWatchUITests.m */; };
/* End PBXBuildFile section */

/* Begin PBXContainerItemProxy section */
		4B6979301DDB295500D87E1B /* PBXContainerItemProxy */ = {
			isa = PBXContainerItemProxy;
			containerPortal = 4B69790E1DDB295400D87E1B /* Project object */;
			proxyType = 1;
			remoteGlobalIDString = 4B6979151DDB295400D87E1B;
			remoteInfo = StopWatch;
		};
		4B69793B1DDB295500D87E1B /* PBXContainerItemProxy */ = {
			isa = PBXContainerItemProxy;
			containerPortal = 4B69790E1DDB295400D87E1B /* Project object */;
			proxyType = 1;
			remoteGlobalIDString = 4B6979151DDB295400D87E1B;
			remoteInfo = StopWatch;
		};
/* End PBXContainerItemProxy section */

/* Begin PBXFileReference section */
		4B6979161DDB295400D87E1B /* StopWatch.app */ = {isa = PBXFileReference; explicitFileType = wrapper.application; includeInIndex = 0; path = StopWatch.app; sourceTree = BUILT_PRODUCTS_DIR; };
		4B69791A1DDB295400D87E1B /* main.m */ = {isa = PBXFileReference; lastKnownFileType = sourcecode.c.objc; path = main.m; sourceTree = "<group>"; };
		4B69791C1DDB295500D87E1B /* AppDelegate.h */ = {isa = PBXFileReference; lastKnownFileType = sourcecode.c.h; path = AppDelegate.h; sourceTree = "<group>"; };
		4B69791D1DDB295500D87E1B /* AppDelegate.m */ = {isa = PBXFileReference; lastKnownFileType = sourcecode.c.objc; path = AppDelegate.m; sourceTree = "<group>"; };
		4B69791F1DDB295500D87E1B /* ViewController.h */ = {isa = PBXFileReference; lastKnownFileType = sourcecode.c.h; path = ViewController.h; sourceTree = "<group>"; };
		4B6979201DDB295500D87E1B /* ViewController.m */ = {isa = PBXFileReference; lastKnownFileType = sourcecode.c.objc; path = ViewController.m; sourceTree = "<group>"; };
		4B6979231DDB295500D87E1B /* Base */ = {isa = PBXFileReference; lastKnownFileType = file.storyboard; name = Base; path = Base.lproj/Main.storyboard; sourceTree = "<group>"; };
		4B6979251DDB295500D87E1B /* Assets.xcassets */ = {isa = PBXFileReference; lastKnownFileType = folder.assetcatalog; path = Assets.xcassets; sourceTree = "<group>"; };
		4B6979281DDB295500D87E1B /* Base */ = {isa = PBXFileReference; lastKnownFileType = file.storyboard; name = Base; path = Base.lproj/LaunchScreen.storyboard; sourceTree = "<group>"; };
		4B69792A1DDB295500D87E1B /* Info.plist */ = {isa = PBXFileReference; lastKnownFileType = text.plist.xml; path = Info.plist; sourceTree = "<group>"; };
		4B69792F1DDB295500D87E1B /* StopWatchTests.xctest */ = {isa = PBXFileReference; explicitFileType = wrapper.cfbundle; includeInIndex = 0; path = StopWatchTests.xctest; sourceTree = BUILT_PRODUCTS_DIR; };
		4B6979331DDB295500D87E1B /* StopWatchTests.m */ = {isa = PBXFileReference; lastKnownFileType = sourcecode.c.objc; path = StopWatchTests.m; sourceTree = "<group>"; };
		4B6979351DDB295500D87E1B /* Info.plist */ = {isa = PBXFileReference; lastKnownFileType = text.plist.xml; path = Info.plist; sourceTree = "<group>"; };
		4B69793A1DDB295500D87E1B /* StopWatchUITests.xctest */ = {isa = PBXFileReference; explicitFileType = wrapper.cfbundle; includeInIndex = 0; path = StopWatchUITests.xctest; sourceTree = BUILT_PRODUCTS_DIR; };
		4B69793E1DDB295500D87E1B /* StopWatchUITests.m */ = {isa = PBXFileReference; lastKnownFileType = sourcecode.c.objc; path = StopWatchUITests.m; sourceTree = "<group>"; };
		4B6979401DDB295500D87E1B /* Info.plist */ = {isa = PBXFileReference; lastKnownFileType = text.plist.xml; path = Info.plist; sourceTree = "<group>"; };
/* End PBXFileReference section */

/* Begin PBXFrameworksBuildPhase section */
		4B6979131DDB295400D87E1B /* Frameworks */ = {
			isa = PBXFrameworksBuildPhase;
			buildActionMask = 2147483647;
			files = (
			);
			runOnlyForDeploymentPostprocessing = 0;
		};
		4B69792C1DDB295500D87E1B /* Frameworks */ = {
			isa = PBXFrameworksBuildPhase;
			buildActionMask = 2147483647;
			files = (
			);
			runOnlyForDeploymentPostprocessing = 0;
		};
		4B6979371DDB295500D87E1B /* Frameworks */ = {
			isa = PBXFrameworksBuildPhase;
			buildActionMask = 2147483647;
			files = (
			);
			runOnlyForDeploymentPostprocessing = 0;
		};
/* End PBXFrameworksBuildPhase section */

/* Begin PBXGroup section */
		4B69790D1DDB295400D87E1B = {
			isa = PBXGroup;
			children = (
				4B6979181DDB295400D87E1B /* StopWatch */,
				4B6979321DDB295500D87E1B /* StopWatchTests */,
				4B69793D1DDB295500D87E1B /* StopWatchUITests */,
				4B6979171DDB295400D87E1B /* Products */,
			);
			sourceTree = "<group>";
		};
		4B6979171DDB295400D87E1B /* Products */ = {
			isa = PBXGroup;
			children = (
				4B6979161DDB295400D87E1B /* StopWatch.app */,
				4B69792F1DDB295500D87E1B /* StopWatchTests.xctest */,
				4B69793A1DDB295500D87E1B /* StopWatchUITests.xctest */,
			);
			name = Products;
			sourceTree = "<group>";
		};
		4B6979181DDB295400D87E1B /* StopWatch */ = {
			isa = PBXGroup;
			children = (
				4B69791C1DDB295500D87E1B /* AppDelegate.h */,
				4B69791D1DDB295500D87E1B /* AppDelegate.m */,
				4B69791F1DDB295500D87E1B /* ViewController.h */,
				4B6979201DDB295500D87E1B /* ViewController.m */,
				4B6979221DDB295500D87E1B /* Main.storyboard */,
				4B6979251DDB295500D87E1B /* Assets.xcassets */,
				4B6979271DDB295500D87E1B /* LaunchScreen.storyboard */,
				4B69792A1DDB295500D87E1B /* Info.plist */,
				4B6979191DDB295400D87E1B /* Supporting Files */,
			);
			path = StopWatch;
			sourceTree = "<group>";
		};
		4B6979191DDB295400D87E1B /* Supporting Files */ = {
			isa = PBXGroup;
			children = (
				4B69791A1DDB295400D87E1B /* main.m */,
			);
			name = "Supporting Files";
			sourceTree = "<group>";
		};
		4B6979321DDB295500D87E1B /* StopWatchTests */ = {
			isa = PBXGroup;
			children = (
				4B6979331DDB295500D87E1B /* StopWatchTests.m */,
				4B6979351DDB295500D87E1B /* Info.plist */,
			);
			path = StopWatchTests;
			sourceTree = "<group>";
		};
		4B69793D1DDB295500D87E1B /* StopWatchUITests */ = {
			isa = PBXGroup;
			children = (
				4B69793E1DDB295500D87E1B /* StopWatchUITests.m */,
				4B6979401DDB295500D87E1B /* Info.plist */,
			);
			path = StopWatchUITests;
			sourceTree = "<group>";
		};
/* End PBXGroup section */

/* Begin PBXNativeTarget section */
		4B6979151DDB295400D87E1B /* StopWatch */ = {
			isa = PBXNativeTarget;
			buildConfigurationList = 4B6979431DDB295500D87E1B /* Build configuration list for PBXNativeTarget "StopWatch" */;
			buildPhases = (
				4B6979121DDB295400D87E1B /* Sources */,
				4B6979131DDB295400D87E1B /* Frameworks */,
				4B6979141DDB295400D87E1B /* Resources */,
			);
			buildRules = (
			);
			dependencies = (
			);
			name = StopWatch;
			productName = StopWatch;
			productReference = 4B6979161DDB295400D87E1B /* StopWatch.app */;
			productType = "com.apple.product-type.application";
		};
		4B69792E1DDB295500D87E1B /* StopWatchTests */ = {
			isa = PBXNativeTarget;
			buildConfigurationList = 4B6979461DDB295500D87E1B /* Build configuration list for PBXNativeTarget "StopWatchTests" */;
			buildPhases = (
				4B69792B1DDB295500D87E1B /* Sources */,
				4B69792C1DDB295500D87E1B /* Frameworks */,
				4B69792D1DDB295500D87E1B /* Resources */,
			);
			buildRules = (
			);
			dependencies = (
				4B6979311DDB295500D87E1B /* PBXTargetDependency */,
			);
			name = StopWatchTests;
			productName = StopWatchTests;
			productReference = 4B69792F1DDB295500D87E1B /* StopWatchTests.xctest */;
			productType = "com.apple.product-type.bundle.unit-test";
		};
		4B6979391DDB295500D87E1B /* StopWatchUITests */ = {
			isa = PBXNativeTarget;
			buildConfigurationList = 4B6979491DDB295500D87E1B /* Build configuration list for PBXNativeTarget "StopWatchUITests" */;
			buildPhases = (
				4B6979361DDB295500D87E1B /* Sources */,
				4B6979371DDB295500D87E1B /* Frameworks */,
				4B6979381DDB295500D87E1B /* Resources */,
			);
			buildRules = (
			);
			dependencies = (
				4B69793C1DDB295500D87E1B /* PBXTargetDependency */,
			);
			name = StopWatchUITests;
			productName = StopWatchUITests;
			productReference = 4B69793A1DDB295500D87E1B /* StopWatchUITests.xctest */;
			productType = "com.apple.product-type.bundle.ui-testing";
		};
/* End PBXNativeTarget section */

/* Begin PBXProject section */
		4B69790E1DDB295400D87E1B /* Project object */ = {
			isa = PBXProject;
			attributes = {
				LastUpgradeCheck = 0730;
				ORGANIZATIONNAME = "Felix-Harish";
				TargetAttributes = {
					4B6979151DDB295400D87E1B = {
						CreatedOnToolsVersion = 7.3.1;
					};
					4B69792E1DDB295500D87E1B = {
						CreatedOnToolsVersion = 7.3.1;
						TestTargetID = 4B6979151DDB295400D87E1B;
					};
					4B6979391DDB295500D87E1B = {
						CreatedOnToolsVersion = 7.3.1;
						TestTargetID = 4B6979151DDB295400D87E1B;
					};
				};
			};
			buildConfigurationList = 4B6979111DDB295400D87E1B /* Build configuration list for PBXProject "StopWatch" */;
			compatibilityVersion = "Xcode 3.2";
			developmentRegion = English;
			hasScannedForEncodings = 0;
			knownRegions = (
				en,
				Base,
			);
			mainGroup = 4B69790D1DDB295400D87E1B;
			productRefGroup = 4B6979171DDB295400D87E1B /* Products */;
			projectDirPath = "";
			projectRoot = "";
			targets = (
				4B6979151DDB295400D87E1B /* StopWatch */,
				4B69792E1DDB295500D87E1B /* StopWatchTests */,
				4B6979391DDB295500D87E1B /* StopWatchUITests */,
			);
		};
/* End PBXProject section */

/* Begin PBXResourcesBuildPhase section */
		4B6979141DDB295400D87E1B /* Resources */ = {
			isa = PBXResourcesBuildPhase;
			buildActionMask = 2147483647;
			files = (
				4B6979291DDB295500D87E1B /* LaunchScreen.storyboard in Resources */,
				4B6979261DDB295500D87E1B /* Assets.xcassets in Resources */,
				4B6979241DDB295500D87E1B /* Main.storyboard in Resources */,
			);
			runOnlyForDeploymentPostprocessing = 0;
		};
		4B69792D1DDB295500D87E1B /* Resources */ = {
			isa = PBXResourcesBuildPhase;
			buildActionMask = 2147483647;
			files = (
			);
			runOnlyForDeploymentPostprocessing = 0;
		};
		4B6979381DDB295500D87E1B /* Resources */ = {
			isa = PBXResourcesBuildPhase;
			buildActionMask = 2147483647;
			files = (
			);
			runOnlyForDeploymentPostprocessing = 0;
		};
/* End PBXResourcesBuildPhase section */

/* Begin PBXSourcesBuildPhase section */
		4B6979121DDB295400D87E1B /* Sources */ = {
			isa = PBXSourcesBuildPhase;
			buildActionMask = 2147483647;
			files = (
				4B6979211DDB295500D87E1B /* ViewController.m in Sources */,
				4B69791E1DDB295500D87E1B /* AppDelegate.m in Sources */,
				4B69791B1DDB295400D87E1B /* main.m in Sources */,
			);
			runOnlyForDeploymentPostprocessing = 0;
		};
		4B69792B1DDB295500D87E1B /* Sources */ = {
			isa = PBXSourcesBuildPhase;
			buildActionMask = 2147483647;
			files = (
				4B6979341DDB295500D87E1B /* StopWatchTests.m in Sources */,
			);
			runOnlyForDeploymentPostprocessing = 0;
		};
		4B6979361DDB295500D87E1B /* Sources */ = {
			isa = PBXSourcesBuildPhase;
			buildActionMask = 2147483647;
			files = (
				4B69793F1DDB295500D87E1B /* StopWatchUITests.m in Sources */,
			);
			runOnlyForDeploymentPostprocessing = 0;
		};
/* End PBXSourcesBuildPhase section */

/* Begin PBXTargetDependency section */
		4B6979311DDB295500D87E1B /* PBXTargetDependency */ = {
			isa = PBXTargetDependency;
			target = 4B6979151DDB295400D87E1B /* StopWatch */;
			targetProxy = 4B6979301DDB295500D87E1B /* PBXContainerItemProxy */;
		};
		4B69793C1DDB295500D87E1B /* PBXTargetDependency */ = {
			isa = PBXTargetDependency;
			target = 4B6979151DDB295400D87E1B /* StopWatch */;
			targetProxy = 4B69793B1DDB295500D87E1B /* PBXContainerItemProxy */;
		};
/* End PBXTargetDependency section */

/* Begin PBXVariantGroup section */
		4B6979221DDB295500D87E1B /* Main.storyboard */ = {
			isa = PBXVariantGroup;
			children = (
				4B6979231DDB295500D87E1B /* Base */,
			);
			name = Main.storyboard;
			sourceTree = "<group>";
		};
		4B6979271DDB295500D87E1B /* LaunchScreen.storyboard */ = {
			isa = PBXVariantGroup;
			children = (
				4B6979281DDB295500D87E1B /* Base */,
			);
			name = LaunchScreen.storyboard;
			sourceTree = "<group>";
		};
/* End PBXVariantGroup section */

/* Begin XCBuildConfiguration section */
		4B6979411DDB295500D87E1B /* Debug */ = {
			isa = XCBuildConfiguration;
			buildSettings = {
				ALWAYS_SEARCH_USER_PATHS = NO;
				CLANG_ANALYZER_NONNULL = YES;
				CLANG_CXX_LANGUAGE_STANDARD = "gnu++0x";
				CLANG_CXX_LIBRARY = "libc++";
				CLANG_ENABLE_MODULES = YES;
				CLANG_ENABLE_OBJC_ARC = YES;
				CLANG_WARN_BOOL_CONVERSION = YES;
				CLANG_WARN_CONSTANT_CONVERSION = YES;
				CLANG_WARN_DIRECT_OBJC_ISA_USAGE = YES_ERROR;
				CLANG_WARN_EMPTY_BODY = YES;
				CLANG_WARN_ENUM_CONVERSION = YES;
				CLANG_WARN_INT_CONVERSION = YES;
				CLANG_WARN_OBJC_ROOT_CLASS = YES_ERROR;
				CLANG_WARN_UNREACHABLE_CODE = YES;
				CLANG_WARN__DUPLICATE_METHOD_MATCH = YES;
				"CODE_SIGN_IDENTITY[sdk=iphoneos*]" = "iPhone Developer";
				COPY_PHASE_STRIP = NO;
				DEBUG_INFORMATION_FORMAT = dwarf;
				ENABLE_STRICT_OBJC_MSGSEND = YES;
				ENABLE_TESTABILITY = YES;
				GCC_C_LANGUAGE_STANDARD = gnu99;
				GCC_DYNAMIC_NO_PIC = NO;
				GCC_NO_COMMON_BLOCKS = YES;
				GCC_OPTIMIZATION_LEVEL = 0;
				GCC_PREPROCESSOR_DEFINITIONS = (
					"DEBUG=1",
					"$(inherited)",
				);
				GCC_WARN_64_TO_32_BIT_CONVERSION = YES;
				GCC_WARN_ABOUT_RETURN_TYPE = YES_ERROR;
				GCC_WARN_UNDECLARED_SELECTOR = YES;
				GCC_WARN_UNINITIALIZED_AUTOS = YES_AGGRESSIVE;
				GCC_WARN_UNUSED_FUNCTION = YES;
				GCC_WARN_UNUSED_VARIABLE = YES;
				IPHONEOS_DEPLOYMENT_TARGET = 9.3;
				MTL_ENABLE_DEBUG_INFO = YES;
				ONLY_ACTIVE_ARCH = YES;
				SDKROOT = iphoneos;
				TARGETED_DEVICE_FAMILY = "1,2";
			};
			name = Debug;
		};
		4B6979421DDB295500D87E1B /* Release */ = {
			isa = XCBuildConfiguration;
			buildSettings = {
				ALWAYS_SEARCH_USER_PATHS = NO;
				CLANG_ANALYZER_NONNULL = YES;
				CLANG_CXX_LANGUAGE_STANDARD = "gnu++0x";
				CLANG_CXX_LIBRARY = "libc++";
				CLANG_ENABLE_MODULES = YES;
				CLANG_ENABLE_OBJC_ARC = YES;
				CLANG_WARN_BOOL_CONVERSION = YES;
				CLANG_WARN_CONSTANT_CONVERSION = YES;
				CLANG_WARN_DIRECT_OBJC_ISA_USAGE = YES_ERROR;
				CLANG_WARN_EMPTY_BODY = YES;
				CLANG_WARN_ENUM_CONVERSION = YES;
				CLANG_WARN_INT_CONVERSION = YES;
				CLANG_WARN_OBJC_ROOT_CLASS = YES_ERROR;
				CLANG_WARN_UNREACHABLE_CODE = YES;
				CLANG_WARN__DUPLICATE_METHOD_MATCH = YES;
				"CODE_SIGN_IDENTITY[sdk=iphoneos*]" = "iPhone Developer";
				COPY_PHASE_STRIP = NO;
				DEBUG_INFORMATION_FORMAT = "dwarf-with-dsym";
				ENABLE_NS_ASSERTIONS = NO;
				ENABLE_STRICT_OBJC_MSGSEND = YES;
				GCC_C_LANGUAGE_STANDARD = gnu99;
				GCC_NO_COMMON_BLOCKS = YES;
				GCC_WARN_64_TO_32_BIT_CONVERSION = YES;
				GCC_WARN_ABOUT_RETURN_TYPE = YES_ERROR;
				GCC_WARN_UNDECLARED_SELECTOR = YES;
				GCC_WARN_UNINITIALIZED_AUTOS = YES_AGGRESSIVE;
				GCC_WARN_UNUSED_FUNCTION = YES;
				GCC_WARN_UNUSED_VARIABLE = YES;
				IPHONEOS_DEPLOYMENT_TARGET = 9.3;
				MTL_ENABLE_DEBUG_INFO = NO;
				SDKROOT = iphoneos;
				TARGETED_DEVICE_FAMILY = "1,2";
				VALIDATE_PRODUCT = YES;
			};
			name = Release;
		};
		4B6979441DDB295500D87E1B /* Debug */ = {
			isa = XCBuildConfiguration;
			buildSettings = {
				ASSETCATALOG_COMPILER_APPICON_NAME = AppIcon;
				INFOPLIST_FILE = StopWatch/Info.plist;
				LD_RUNPATH_SEARCH_PATHS = "$(inherited) @executable_path/Frameworks";
				PRODUCT_BUNDLE_IDENTIFIER = "Felix-Harish.StopWatch";
				PRODUCT_NAME = "$(TARGET_NAME)";
			};
			name = Debug;
		};
		4B6979451DDB295500D87E1B /* Release */ = {
			isa = XCBuildConfiguration;
			buildSettings = {
				ASSETCATALOG_COMPILER_APPICON_NAME = AppIcon;
				INFOPLIST_FILE = StopWatch/Info.plist;
				LD_RUNPATH_SEARCH_PATHS = "$(inherited) @executable_path/Frameworks";
				PRODUCT_BUNDLE_IDENTIFIER = "Felix-Harish.StopWatch";
				PRODUCT_NAME = "$(TARGET_NAME)";
			};
			name = Release;
		};
		4B6979471DDB295500D87E1B /* Debug */ = {
			isa = XCBuildConfiguration;
			buildSettings = {
				BUNDLE_LOADER = "$(TEST_HOST)";
				INFOPLIST_FILE = StopWatchTests/Info.plist;
				LD_RUNPATH_SEARCH_PATHS = "$(inherited) @executable_path/Frameworks @loader_path/Frameworks";
				PRODUCT_BUNDLE_IDENTIFIER = "Felix-Harish.StopWatchTests";
				PRODUCT_NAME = "$(TARGET_NAME)";
				TEST_HOST = "$(BUILT_PRODUCTS_DIR)/StopWatch.app/StopWatch";
			};
			name = Debug;
		};
		4B6979481DDB295500D87E1B /* Release */ = {
			isa = XCBuildConfiguration;
			buildSettings = {
				BUNDLE_LOADER = "$(TEST_HOST)";
				INFOPLIST_FILE = StopWatchTests/Info.plist;
				LD_RUNPATH_SEARCH_PATHS = "$(inherited) @executable_path/Frameworks @loader_path/Frameworks";
				PRODUCT_BUNDLE_IDENTIFIER = "Felix-Harish.StopWatchTests";
				PRODUCT_NAME = "$(TARGET_NAME)";
				TEST_HOST = "$(BUILT_PRODUCTS_DIR)/StopWatch.app/StopWatch";
			};
			name = Release;
		};
		4B69794A1DDB295500D87E1B /* Debug */ = {
			isa = XCBuildConfiguration;
			buildSettings = {
				INFOPLIST_FILE = StopWatchUITests/Info.plist;
				LD_RUNPATH_SEARCH_PATHS = "$(inherited) @executable_path/Frameworks @loader_path/Frameworks";
				PRODUCT_BUNDLE_IDENTIFIER = "Felix-Harish.StopWatchUITests";
				PRODUCT_NAME = "$(TARGET_NAME)";
				TEST_TARGET_NAME = StopWatch;
			};
			name = Debug;
		};
		4B69794B1DDB295500D87E1B /* Release */ = {
			isa = XCBuildConfiguration;
			buildSettings = {
				INFOPLIST_FILE = StopWatchUITests/Info.plist;
				LD_RUNPATH_SEARCH_PATHS = "$(inherited) @executable_path/Frameworks @loader_path/Frameworks";
				PRODUCT_BUNDLE_IDENTIFIER = "Felix-Harish.StopWatchUITests";
				PRODUCT_NAME = "$(TARGET_NAME)";
				TEST_TARGET_NAME = StopWatch;
			};
			name = Release;
		};
/* End XCBuildConfiguration section */

/* Begin XCConfigurationList section */
		4B6979111DDB295400D87E1B /* Build configuration list for PBXProject "StopWatch" */ = {
			isa = XCConfigurationList;
			buildConfigurations = (
				4B6979411DDB295500D87E1B /* Debug */,
				4B6979421DDB295500D87E1B /* Release */,
			);
			defaultConfigurationIsVisible = 0;
			defaultConfigurationName = Release;
		};
		4B6979431DDB295500D87E1B /* Build configuration list for PBXNativeTarget "StopWatch" */ = {
			isa = XCConfigurationList;
			buildConfigurations = (
				4B6979441DDB295500D87E1B /* Debug */,
				4B6979451DDB295500D87E1B /* Release */,
			);
			defaultConfigurationIsVisible = 0;
		};
		4B6979461DDB295500D87E1B /* Build configuration list for PBXNativeTarget "StopWatchTests" */ = {
			isa = XCConfigurationList;
			buildConfigurations = (
				4B6979471DDB295500D87E1B /* Debug */,
				4B6979481DDB295500D87E1B /* Release */,
			);
			defaultConfigurationIsVisible = 0;
		};
		4B6979491DDB295500D87E1B /* Build configuration list for PBXNativeTarget "StopWatchUITests" */ = {
			isa = XCConfigurationList;
			buildConfigurations = (
				4B69794A1DDB295500D87E1B /* Debug */,
				4B69794B1DDB295500D87E1B /* Release */,
			);
			defaultConfigurationIsVisible = 0;
		};
/* End XCConfigurationList section */
	};
	rootObject = 4B69790E1DDB295400D87E1B /* Project object */;
}
